
Microsoft Visual Studio Solution File, Format Version 12.00
# Visual Studio Version 16
VisualStudioVersion = 16.0.31019.35
MinimumVisualStudioVersion = 10.0.40219.1
Project("{00D1A9C2-B5F0-4AF3-8072-F6C62B433612}") = "HotalAppDB", "HotalAppDB\HotalAppDB.sqlproj", "{01B14C2E-0AD4-4057-B10D-D6EEDAEDBCE8}"
EndProject
Project("{FAE04EC0-301F-11D3-BF4B-00C04F79EFBC}") = "HotalAppLibrary", "HotalAppLibrary\HotalAppLibrary.csproj", "{E3375154-13BA-448D-A1D2-0539779EE669}"
EndProject
Global
	GlobalSection(SolutionConfigurationPlatforms) = preSolution
		Debug|Any CPU = Debug|Any CPU
		Release|Any CPU = Release|Any CPU
	EndGlobalSection
	GlobalSection(ProjectConfigurationPlatforms) = postSolution
		{01B14C2E-0AD4-4057-B10D-D6EEDAEDBCE8}.Debug|Any CPU.ActiveCfg = Debug|Any CPU
		{01B14C2E-0AD4-4057-B10D-D6EEDAEDBCE8}.Debug|Any CPU.Build.0 = Debug|Any CPU
		{01B14C2E-0AD4-4057-B10D-D6EEDAEDBCE8}.Debug|Any CPU.Deploy.0 = Debug|Any CPU
		{01B14C2E-0AD4-4057-B10D-D6EEDAEDBCE8}.Release|Any CPU.ActiveCfg = Release|Any CPU
		{01B14C2E-0AD4-4057-B10D-D6EEDAEDBCE8}.Release|Any CPU.Build.0 = Release|Any CPU
		{01B14C2E-0AD4-4057-B10D-D6EEDAEDBCE8}.Release|Any CPU.Deploy.0 = Release|Any CPU
		{E3375154-13BA-448D-A1D2-0539779EE669}.Debug|Any CPU.ActiveCfg = Debug|Any CPU
		{E3375154-13BA-448D-A1D2-0539779EE669}.Debug|Any CPU.Build.0 = Debug|Any CPU
		{E3375154-13BA-448D-A1D2-0539779EE669}.Release|Any CPU.ActiveCfg = Release|Any CPU
		{E3375154-13BA-448D-A1D2-0539779EE669}.Release|Any CPU.Build.0 = Release|Any CPU
	EndGlobalSection
	GlobalSection(SolutionProperties) = preSolution
		HideSolutionNode = FALSE
	EndGlobalSection
	GlobalSection(ExtensibilityGlobals) = postSolution
		SolutionGuid = {BE55FA6E-B6D2-484B-BDA3-AB19877C4043}
	EndGlobalSection
EndGlobal
